
Microsoft Visual Studio Solution File, Format Version 12.00
# Visual Studio Version 17
VisualStudioVersion = 17.2.32602.215
MinimumVisualStudioVersion = 10.0.40219.1
Project("{9A19103F-16F7-4668-BE54-9A1E7A4F7556}") = "ODBlazor", "ODBlazor\ODBlazor.csproj", "{5BA1753D-F3F2-4B8D-B9E4-305AF74F46F7}"
EndProject
Global
	GlobalSection(SolutionConfigurationPlatforms) = preSolution
		Debug|Any CPU = Debug|Any CPU
		Release|Any CPU = Release|Any CPU
	EndGlobalSection
	GlobalSection(ProjectConfigurationPlatforms) = postSolution
		{5BA1753D-F3F2-4B8D-B9E4-305AF74F46F7}.Debug|Any CPU.ActiveCfg = Debug|Any CPU
		{5BA1753D-F3F2-4B8D-B9E4-305AF74F46F7}.Debug|Any CPU.Build.0 = Debug|Any CPU
		{5BA1753D-F3F2-4B8D-B9E4-305AF74F46F7}.Release|Any CPU.ActiveCfg = Release|Any CPU
		{5BA1753D-F3F2-4B8D-B9E4-305AF74F46F7}.Release|Any CPU.Build.0 = Release|Any CPU
	EndGlobalSection
	GlobalSection(SolutionProperties) = preSolution
		HideSolutionNode = FALSE
	EndGlobalSection
	GlobalSection(ExtensibilityGlobals) = postSolution
		SolutionGuid = {DB34CDD1-F6B1-4F88-8254-447C23B71C30}
	EndGlobalSection
EndGlobal
